// !$*UTF8*$!
{
	archiveVersion = 1;
	classes = {
	};
	objectVersion = 46;
	objects = {

/* Begin PBXBuildFile section */
		21272CFE1E3339D000F89D5D /* MapViewController+handlers.swift in Sources */ = {isa = PBXBuildFile; fileRef = 21272CFD1E3339D000F89D5D /* MapViewController+handlers.swift */; };
		21272D021E33F6D600F89D5D /* MapViewController + Firebase.swift in Sources */ = {isa = PBXBuildFile; fileRef = 21272D011E33F6D600F89D5D /* MapViewController + Firebase.swift */; };
		21272D0B1E3403F700F89D5D /* PendingView.swift in Sources */ = {isa = PBXBuildFile; fileRef = 21272D0A1E3403F700F89D5D /* PendingView.swift */; };
		21272D0D1E340A3F00F89D5D /* PlaceTableViewCell.swift in Sources */ = {isa = PBXBuildFile; fileRef = 21272D0C1E340A3F00F89D5D /* PlaceTableViewCell.swift */; };
		21272D0F1E342C1200F89D5D /* RequesterView.swift in Sources */ = {isa = PBXBuildFile; fileRef = 21272D0E1E342C1200F89D5D /* RequesterView.swift */; };
		21272D111E342C5100F89D5D /* WalkrView.swift in Sources */ = {isa = PBXBuildFile; fileRef = 21272D101E342C5100F89D5D /* WalkrView.swift */; };
		21272D131E34503500F89D5D /* SearchPlaceBar.swift in Sources */ = {isa = PBXBuildFile; fileRef = 21272D121E34503500F89D5D /* SearchPlaceBar.swift */; };
		216398451E346AC100295472 /* RegisterUserNameCell.swift in Sources */ = {isa = PBXBuildFile; fileRef = 216398411E346AC100295472 /* RegisterUserNameCell.swift */; };
		216398461E346AC100295472 /* RegisterUserCell.swift in Sources */ = {isa = PBXBuildFile; fileRef = 216398421E346AC100295472 /* RegisterUserCell.swift */; };
		216398471E346AC100295472 /* RegisterPhotoCell.swift in Sources */ = {isa = PBXBuildFile; fileRef = 216398431E346AC100295472 /* RegisterPhotoCell.swift */; };
		216398481E346AC100295472 /* SuccessCell.swift in Sources */ = {isa = PBXBuildFile; fileRef = 216398441E346AC100295472 /* SuccessCell.swift */; };
		2163984C1E346ACB00295472 /* RegisterController.swift in Sources */ = {isa = PBXBuildFile; fileRef = 216398491E346ACB00295472 /* RegisterController.swift */; };
		2163984D1E346ACB00295472 /* LogInController.swift in Sources */ = {isa = PBXBuildFile; fileRef = 2163984A1E346ACB00295472 /* LogInController.swift */; };
		2163984E1E346ACB00295472 /* LoginRegisterController.swift in Sources */ = {isa = PBXBuildFile; fileRef = 2163984B1E346ACB00295472 /* LoginRegisterController.swift */; };
		218B8FE81E32EB13008EF091 /* AppDelegate.swift in Sources */ = {isa = PBXBuildFile; fileRef = 218B8FE71E32EB13008EF091 /* AppDelegate.swift */; };
		218B8FED1E32EB13008EF091 /* Main.storyboard in Resources */ = {isa = PBXBuildFile; fileRef = 218B8FEB1E32EB13008EF091 /* Main.storyboard */; };
		218B8FEF1E32EB13008EF091 /* Assets.xcassets in Resources */ = {isa = PBXBuildFile; fileRef = 218B8FEE1E32EB13008EF091 /* Assets.xcassets */; };
		218B8FF21E32EB13008EF091 /* LaunchScreen.storyboard in Resources */ = {isa = PBXBuildFile; fileRef = 218B8FF01E32EB13008EF091 /* LaunchScreen.storyboard */; };
		218B8FFD1E32EB13008EF091 /* WalkrTests.swift in Sources */ = {isa = PBXBuildFile; fileRef = 218B8FFC1E32EB13008EF091 /* WalkrTests.swift */; };
		218B900A1E32EB6C008EF091 /* User.swift in Sources */ = {isa = PBXBuildFile; fileRef = 218B90071E32EB6C008EF091 /* User.swift */; };
		218B900B1E32EB6C008EF091 /* Request.swift in Sources */ = {isa = PBXBuildFile; fileRef = 218B90081E32EB6C008EF091 /* Request.swift */; };
		218B900C1E32EB6C008EF091 /* Extensions.swift in Sources */ = {isa = PBXBuildFile; fileRef = 218B90091E32EB6C008EF091 /* Extensions.swift */; };
		218B900F1E32EED0008EF091 /* GoogleService-Info.plist in Resources */ = {isa = PBXBuildFile; fileRef = 218B900E1E32EED0008EF091 /* GoogleService-Info.plist */; };
		218B90111E32F529008EF091 /* MainContainerViewController.swift in Sources */ = {isa = PBXBuildFile; fileRef = 218B90101E32F529008EF091 /* MainContainerViewController.swift */; };
		218B90131E32F55C008EF091 /* Delegates.swift in Sources */ = {isa = PBXBuildFile; fileRef = 218B90121E32F55C008EF091 /* Delegates.swift */; };
		218B90151E32F5A4008EF091 /* SettingsSidePanelController.swift in Sources */ = {isa = PBXBuildFile; fileRef = 218B90141E32F5A4008EF091 /* SettingsSidePanelController.swift */; };
		218B90171E32F5D7008EF091 /* Enums.swift in Sources */ = {isa = PBXBuildFile; fileRef = 218B90161E32F5D7008EF091 /* Enums.swift */; };
		21AE89291E3310C200A6A653 /* MapViewController.swift in Sources */ = {isa = PBXBuildFile; fileRef = 21AE89281E3310C200A6A653 /* MapViewController.swift */; };
		DF2C7AC493BCD854EFD86EA8 /* Pods_Walkr.framework in Frameworks */ = {isa = PBXBuildFile; fileRef = 6024B37474CCF0BA5B7EEF13 /* Pods_Walkr.framework */; };
		E2D9689B525C4D709B8749C2 /* Pods_WalkrTests.framework in Frameworks */ = {isa = PBXBuildFile; fileRef = 7871E4A1426CB8535B2A6678 /* Pods_WalkrTests.framework */; };
/* End PBXBuildFile section */

/* Begin PBXContainerItemProxy section */
		218B8FF91E32EB13008EF091 /* PBXContainerItemProxy */ = {
			isa = PBXContainerItemProxy;
			containerPortal = 218B8FDC1E32EB13008EF091 /* Project object */;
			proxyType = 1;
			remoteGlobalIDString = 218B8FE31E32EB13008EF091;
			remoteInfo = Walkr;
		};
/* End PBXContainerItemProxy section */

/* Begin PBXFileReference section */
		16BFEB762D26059C8EF41DFC /* Pods-WalkrTests.release.xcconfig */ = {isa = PBXFileReference; includeInIndex = 1; lastKnownFileType = text.xcconfig; name = "Pods-WalkrTests.release.xcconfig"; path = "Pods/Target Support Files/Pods-WalkrTests/Pods-WalkrTests.release.xcconfig"; sourceTree = "<group>"; };
		21272CFD1E3339D000F89D5D /* MapViewController+handlers.swift */ = {isa = PBXFileReference; fileEncoding = 4; lastKnownFileType = sourcecode.swift; path = "MapViewController+handlers.swift"; sourceTree = "<group>"; };
		21272D011E33F6D600F89D5D /* MapViewController + Firebase.swift */ = {isa = PBXFileReference; fileEncoding = 4; lastKnownFileType = sourcecode.swift; path = "MapViewController + Firebase.swift"; sourceTree = "<group>"; };
		21272D0A1E3403F700F89D5D /* PendingView.swift */ = {isa = PBXFileReference; fileEncoding = 4; lastKnownFileType = sourcecode.swift; path = PendingView.swift; sourceTree = "<group>"; };
		21272D0C1E340A3F00F89D5D /* PlaceTableViewCell.swift */ = {isa = PBXFileReference; fileEncoding = 4; lastKnownFileType = sourcecode.swift; path = PlaceTableViewCell.swift; sourceTree = "<group>"; };
		21272D0E1E342C1200F89D5D /* RequesterView.swift */ = {isa = PBXFileReference; fileEncoding = 4; lastKnownFileType = sourcecode.swift; path = RequesterView.swift; sourceTree = "<group>"; };
		21272D101E342C5100F89D5D /* WalkrView.swift */ = {isa = PBXFileReference; fileEncoding = 4; lastKnownFileType = sourcecode.swift; path = WalkrView.swift; sourceTree = "<group>"; };
		21272D121E34503500F89D5D /* SearchPlaceBar.swift */ = {isa = PBXFileReference; fileEncoding = 4; lastKnownFileType = sourcecode.swift; path = SearchPlaceBar.swift; sourceTree = "<group>"; };
		216398411E346AC100295472 /* RegisterUserNameCell.swift */ = {isa = PBXFileReference; fileEncoding = 4; lastKnownFileType = sourcecode.swift; path = RegisterUserNameCell.swift; sourceTree = "<group>"; };
		216398421E346AC100295472 /* RegisterUserCell.swift */ = {isa = PBXFileReference; fileEncoding = 4; lastKnownFileType = sourcecode.swift; path = RegisterUserCell.swift; sourceTree = "<group>"; };
		216398431E346AC100295472 /* RegisterPhotoCell.swift */ = {isa = PBXFileReference; fileEncoding = 4; lastKnownFileType = sourcecode.swift; path = RegisterPhotoCell.swift; sourceTree = "<group>"; };
		216398441E346AC100295472 /* SuccessCell.swift */ = {isa = PBXFileReference; fileEncoding = 4; lastKnownFileType = sourcecode.swift; path = SuccessCell.swift; sourceTree = "<group>"; };
		216398491E346ACB00295472 /* RegisterController.swift */ = {isa = PBXFileReference; fileEncoding = 4; lastKnownFileType = sourcecode.swift; path = RegisterController.swift; sourceTree = "<group>"; };
		2163984A1E346ACB00295472 /* LogInController.swift */ = {isa = PBXFileReference; fileEncoding = 4; lastKnownFileType = sourcecode.swift; path = LogInController.swift; sourceTree = "<group>"; };
		2163984B1E346ACB00295472 /* LoginRegisterController.swift */ = {isa = PBXFileReference; fileEncoding = 4; lastKnownFileType = sourcecode.swift; path = LoginRegisterController.swift; sourceTree = "<group>"; };
		218B8FE41E32EB13008EF091 /* Walkr.app */ = {isa = PBXFileReference; explicitFileType = wrapper.application; includeInIndex = 0; path = Walkr.app; sourceTree = BUILT_PRODUCTS_DIR; };
		218B8FE71E32EB13008EF091 /* AppDelegate.swift */ = {isa = PBXFileReference; lastKnownFileType = sourcecode.swift; path = AppDelegate.swift; sourceTree = "<group>"; };
		218B8FEC1E32EB13008EF091 /* Base */ = {isa = PBXFileReference; lastKnownFileType = file.storyboard; name = Base; path = Base.lproj/Main.storyboard; sourceTree = "<group>"; };
		218B8FEE1E32EB13008EF091 /* Assets.xcassets */ = {isa = PBXFileReference; lastKnownFileType = folder.assetcatalog; path = Assets.xcassets; sourceTree = "<group>"; };
		218B8FF11E32EB13008EF091 /* Base */ = {isa = PBXFileReference; lastKnownFileType = file.storyboard; name = Base; path = Base.lproj/LaunchScreen.storyboard; sourceTree = "<group>"; };
		218B8FF31E32EB13008EF091 /* Info.plist */ = {isa = PBXFileReference; lastKnownFileType = text.plist.xml; path = Info.plist; sourceTree = "<group>"; };
		218B8FF81E32EB13008EF091 /* WalkrTests.xctest */ = {isa = PBXFileReference; explicitFileType = wrapper.cfbundle; includeInIndex = 0; path = WalkrTests.xctest; sourceTree = BUILT_PRODUCTS_DIR; };
		218B8FFC1E32EB13008EF091 /* WalkrTests.swift */ = {isa = PBXFileReference; lastKnownFileType = sourcecode.swift; path = WalkrTests.swift; sourceTree = "<group>"; };
		218B8FFE1E32EB13008EF091 /* Info.plist */ = {isa = PBXFileReference; lastKnownFileType = text.plist.xml; path = Info.plist; sourceTree = "<group>"; };
		218B90071E32EB6C008EF091 /* User.swift */ = {isa = PBXFileReference; fileEncoding = 4; lastKnownFileType = sourcecode.swift; path = User.swift; sourceTree = "<group>"; };
		218B90081E32EB6C008EF091 /* Request.swift */ = {isa = PBXFileReference; fileEncoding = 4; lastKnownFileType = sourcecode.swift; path = Request.swift; sourceTree = "<group>"; };
		218B90091E32EB6C008EF091 /* Extensions.swift */ = {isa = PBXFileReference; fileEncoding = 4; lastKnownFileType = sourcecode.swift; path = Extensions.swift; sourceTree = "<group>"; };
		218B900E1E32EED0008EF091 /* GoogleService-Info.plist */ = {isa = PBXFileReference; fileEncoding = 4; lastKnownFileType = text.plist.xml; path = "GoogleService-Info.plist"; sourceTree = "<group>"; };
		218B90101E32F529008EF091 /* MainContainerViewController.swift */ = {isa = PBXFileReference; fileEncoding = 4; lastKnownFileType = sourcecode.swift; path = MainContainerViewController.swift; sourceTree = "<group>"; };
		218B90121E32F55C008EF091 /* Delegates.swift */ = {isa = PBXFileReference; fileEncoding = 4; lastKnownFileType = sourcecode.swift; path = Delegates.swift; sourceTree = "<group>"; };
		218B90141E32F5A4008EF091 /* SettingsSidePanelController.swift */ = {isa = PBXFileReference; fileEncoding = 4; lastKnownFileType = sourcecode.swift; path = SettingsSidePanelController.swift; sourceTree = "<group>"; };
		218B90161E32F5D7008EF091 /* Enums.swift */ = {isa = PBXFileReference; fileEncoding = 4; lastKnownFileType = sourcecode.swift; path = Enums.swift; sourceTree = "<group>"; };
		21AE89281E3310C200A6A653 /* MapViewController.swift */ = {isa = PBXFileReference; fileEncoding = 4; lastKnownFileType = sourcecode.swift; path = MapViewController.swift; sourceTree = "<group>"; };
		6024B37474CCF0BA5B7EEF13 /* Pods_Walkr.framework */ = {isa = PBXFileReference; explicitFileType = wrapper.framework; includeInIndex = 0; path = Pods_Walkr.framework; sourceTree = BUILT_PRODUCTS_DIR; };
		6A07C3DEE1065AD053832740 /* Pods-WalkrTests.debug.xcconfig */ = {isa = PBXFileReference; includeInIndex = 1; lastKnownFileType = text.xcconfig; name = "Pods-WalkrTests.debug.xcconfig"; path = "Pods/Target Support Files/Pods-WalkrTests/Pods-WalkrTests.debug.xcconfig"; sourceTree = "<group>"; };
		7871E4A1426CB8535B2A6678 /* Pods_WalkrTests.framework */ = {isa = PBXFileReference; explicitFileType = wrapper.framework; includeInIndex = 0; path = Pods_WalkrTests.framework; sourceTree = BUILT_PRODUCTS_DIR; };
		9DD6DAE47EB9BE856A7551D4 /* Pods-Walkr.release.xcconfig */ = {isa = PBXFileReference; includeInIndex = 1; lastKnownFileType = text.xcconfig; name = "Pods-Walkr.release.xcconfig"; path = "Pods/Target Support Files/Pods-Walkr/Pods-Walkr.release.xcconfig"; sourceTree = "<group>"; };
		CEE884E0C91E7EA9BC383045 /* Pods-Walkr.debug.xcconfig */ = {isa = PBXFileReference; includeInIndex = 1; lastKnownFileType = text.xcconfig; name = "Pods-Walkr.debug.xcconfig"; path = "Pods/Target Support Files/Pods-Walkr/Pods-Walkr.debug.xcconfig"; sourceTree = "<group>"; };
/* End PBXFileReference section */

/* Begin PBXFrameworksBuildPhase section */
		218B8FE11E32EB13008EF091 /* Frameworks */ = {
			isa = PBXFrameworksBuildPhase;
			buildActionMask = 2147483647;
			files = (
				DF2C7AC493BCD854EFD86EA8 /* Pods_Walkr.framework in Frameworks */,
			);
			runOnlyForDeploymentPostprocessing = 0;
		};
		218B8FF51E32EB13008EF091 /* Frameworks */ = {
			isa = PBXFrameworksBuildPhase;
			buildActionMask = 2147483647;
			files = (
				E2D9689B525C4D709B8749C2 /* Pods_WalkrTests.framework in Frameworks */,
			);
			runOnlyForDeploymentPostprocessing = 0;
		};
/* End PBXFrameworksBuildPhase section */

/* Begin PBXGroup section */
		21272D031E33FFE300F89D5D /* Views */ = {
			isa = PBXGroup;
			children = (
				21272D0E1E342C1200F89D5D /* RequesterView.swift */,
				21272D0C1E340A3F00F89D5D /* PlaceTableViewCell.swift */,
				21272D101E342C5100F89D5D /* WalkrView.swift */,
				21272D121E34503500F89D5D /* SearchPlaceBar.swift */,
				21272D0A1E3403F700F89D5D /* PendingView.swift */,
				216398411E346AC100295472 /* RegisterUserNameCell.swift */,
				216398421E346AC100295472 /* RegisterUserCell.swift */,
				216398431E346AC100295472 /* RegisterPhotoCell.swift */,
				216398441E346AC100295472 /* SuccessCell.swift */,
			);
			name = Views;
			sourceTree = "<group>";
		};
		216398401E346A1B00295472 /* Login+Registration */ = {
			isa = PBXGroup;
			children = (
				216398491E346ACB00295472 /* RegisterController.swift */,
				2163984A1E346ACB00295472 /* LogInController.swift */,
				2163984B1E346ACB00295472 /* LoginRegisterController.swift */,
			);
			name = "Login+Registration";
			sourceTree = "<group>";
		};
		218B8FDB1E32EB13008EF091 = {
			isa = PBXGroup;
			children = (
				218B8FE61E32EB13008EF091 /* Walkr */,
				218B8FFB1E32EB13008EF091 /* WalkrTests */,
				218B8FE51E32EB13008EF091 /* Products */,
				3DC576FE841AAED9CF059316 /* Pods */,
				68E8AF951B8D3C5E145F332E /* Frameworks */,
			);
			sourceTree = "<group>";
		};
		218B8FE51E32EB13008EF091 /* Products */ = {
			isa = PBXGroup;
			children = (
				218B8FE41E32EB13008EF091 /* Walkr.app */,
				218B8FF81E32EB13008EF091 /* WalkrTests.xctest */,
			);
			name = Products;
			sourceTree = "<group>";
		};
		218B8FE61E32EB13008EF091 /* Walkr */ = {
			isa = PBXGroup;
			children = (
				218B8FE71E32EB13008EF091 /* AppDelegate.swift */,
				21272D031E33FFE300F89D5D /* Views */,
				218B900D1E32EB71008EF091 /* Model */,
				218B90091E32EB6C008EF091 /* Extensions.swift */,
				218B90181E32F630008EF091 /* MainController */,
				218B90121E32F55C008EF091 /* Delegates.swift */,
				21AE89251E3301FE00A6A653 /* Handlers */,
				218B90161E32F5D7008EF091 /* Enums.swift */,
				216398401E346A1B00295472 /* Login+Registration */,
				218B8FEB1E32EB13008EF091 /* Main.storyboard */,
				218B8FEE1E32EB13008EF091 /* Assets.xcassets */,
				218B8FF01E32EB13008EF091 /* LaunchScreen.storyboard */,
				218B8FF31E32EB13008EF091 /* Info.plist */,
				218B900E1E32EED0008EF091 /* GoogleService-Info.plist */,
			);
			path = Walkr;
			sourceTree = "<group>";
		};
		218B8FFB1E32EB13008EF091 /* WalkrTests */ = {
			isa = PBXGroup;
			children = (
				218B8FFC1E32EB13008EF091 /* WalkrTests.swift */,
				218B8FFE1E32EB13008EF091 /* Info.plist */,
			);
			path = WalkrTests;
			sourceTree = "<group>";
		};
		218B900D1E32EB71008EF091 /* Model */ = {
			isa = PBXGroup;
			children = (
				218B90071E32EB6C008EF091 /* User.swift */,
				218B90081E32EB6C008EF091 /* Request.swift */,
			);
			name = Model;
			sourceTree = "<group>";
		};
		218B90181E32F630008EF091 /* MainController */ = {
			isa = PBXGroup;
			children = (
				218B90101E32F529008EF091 /* MainContainerViewController.swift */,
				21AE89281E3310C200A6A653 /* MapViewController.swift */,
				218B90141E32F5A4008EF091 /* SettingsSidePanelController.swift */,
			);
			name = MainController;
			sourceTree = "<group>";
		};
		21AE89251E3301FE00A6A653 /* Handlers */ = {
			isa = PBXGroup;
			children = (
				21272CFD1E3339D000F89D5D /* MapViewController+handlers.swift */,
				21272D011E33F6D600F89D5D /* MapViewController + Firebase.swift */,
			);
			name = Handlers;
			sourceTree = "<group>";
		};
		3DC576FE841AAED9CF059316 /* Pods */ = {
			isa = PBXGroup;
			children = (
				CEE884E0C91E7EA9BC383045 /* Pods-Walkr.debug.xcconfig */,
				9DD6DAE47EB9BE856A7551D4 /* Pods-Walkr.release.xcconfig */,
				6A07C3DEE1065AD053832740 /* Pods-WalkrTests.debug.xcconfig */,
				16BFEB762D26059C8EF41DFC /* Pods-WalkrTests.release.xcconfig */,
			);
			name = Pods;
			sourceTree = "<group>";
		};
		68E8AF951B8D3C5E145F332E /* Frameworks */ = {
			isa = PBXGroup;
			children = (
				6024B37474CCF0BA5B7EEF13 /* Pods_Walkr.framework */,
				7871E4A1426CB8535B2A6678 /* Pods_WalkrTests.framework */,
			);
			name = Frameworks;
			sourceTree = "<group>";
		};
/* End PBXGroup section */

/* Begin PBXNativeTarget section */
		218B8FE31E32EB13008EF091 /* Walkr */ = {
			isa = PBXNativeTarget;
			buildConfigurationList = 218B90011E32EB13008EF091 /* Build configuration list for PBXNativeTarget "Walkr" */;
			buildPhases = (
				07D5C80A238411395CF994D7 /* [CP] Check Pods Manifest.lock */,
				218B8FE01E32EB13008EF091 /* Sources */,
				218B8FE11E32EB13008EF091 /* Frameworks */,
				218B8FE21E32EB13008EF091 /* Resources */,
				C62425C7B861A22E70394297 /* [CP] Embed Pods Frameworks */,
				ABB858A76659AA4F0203BAF3 /* [CP] Copy Pods Resources */,
			);
			buildRules = (
			);
			dependencies = (
			);
			name = Walkr;
			productName = Walkr;
			productReference = 218B8FE41E32EB13008EF091 /* Walkr.app */;
			productType = "com.apple.product-type.application";
		};
		218B8FF71E32EB13008EF091 /* WalkrTests */ = {
			isa = PBXNativeTarget;
			buildConfigurationList = 218B90041E32EB13008EF091 /* Build configuration list for PBXNativeTarget "WalkrTests" */;
			buildPhases = (
				74DD10E25C08B2AE477E9470 /* [CP] Check Pods Manifest.lock */,
				218B8FF41E32EB13008EF091 /* Sources */,
				218B8FF51E32EB13008EF091 /* Frameworks */,
				218B8FF61E32EB13008EF091 /* Resources */,
				F983C953F40632F729846068 /* [CP] Embed Pods Frameworks */,
				492F936753EA6833DFD028AA /* [CP] Copy Pods Resources */,
			);
			buildRules = (
			);
			dependencies = (
				218B8FFA1E32EB13008EF091 /* PBXTargetDependency */,
			);
			name = WalkrTests;
			productName = WalkrTests;
			productReference = 218B8FF81E32EB13008EF091 /* WalkrTests.xctest */;
			productType = "com.apple.product-type.bundle.unit-test";
		};
/* End PBXNativeTarget section */

/* Begin PBXProject section */
		218B8FDC1E32EB13008EF091 /* Project object */ = {
			isa = PBXProject;
			attributes = {
				LastSwiftUpdateCheck = 0820;
				LastUpgradeCheck = 0820;
				ORGANIZATIONNAME = "Josh Doman";
				TargetAttributes = {
					218B8FE31E32EB13008EF091 = {
						CreatedOnToolsVersion = 8.2.1;
						DevelopmentTeam = GZC25U6WG3;
						ProvisioningStyle = Automatic;
					};
					218B8FF71E32EB13008EF091 = {
						CreatedOnToolsVersion = 8.2.1;
						DevelopmentTeam = GZC25U6WG3;
						ProvisioningStyle = Automatic;
						TestTargetID = 218B8FE31E32EB13008EF091;
					};
				};
			};
			buildConfigurationList = 218B8FDF1E32EB13008EF091 /* Build configuration list for PBXProject "Walkr" */;
			compatibilityVersion = "Xcode 3.2";
			developmentRegion = English;
			hasScannedForEncodings = 0;
			knownRegions = (
				en,
				Base,
			);
			mainGroup = 218B8FDB1E32EB13008EF091;
			productRefGroup = 218B8FE51E32EB13008EF091 /* Products */;
			projectDirPath = "";
			projectRoot = "";
			targets = (
				218B8FE31E32EB13008EF091 /* Walkr */,
				218B8FF71E32EB13008EF091 /* WalkrTests */,
			);
		};
/* End PBXProject section */

/* Begin PBXResourcesBuildPhase section */
		218B8FE21E32EB13008EF091 /* Resources */ = {
			isa = PBXResourcesBuildPhase;
			buildActionMask = 2147483647;
			files = (
				218B8FF21E32EB13008EF091 /* LaunchScreen.storyboard in Resources */,
				218B900F1E32EED0008EF091 /* GoogleService-Info.plist in Resources */,
				218B8FEF1E32EB13008EF091 /* Assets.xcassets in Resources */,
				218B8FED1E32EB13008EF091 /* Main.storyboard in Resources */,
			);
			runOnlyForDeploymentPostprocessing = 0;
		};
		218B8FF61E32EB13008EF091 /* Resources */ = {
			isa = PBXResourcesBuildPhase;
			buildActionMask = 2147483647;
			files = (
			);
			runOnlyForDeploymentPostprocessing = 0;
		};
/* End PBXResourcesBuildPhase section */

/* Begin PBXShellScriptBuildPhase section */
		07D5C80A238411395CF994D7 /* [CP] Check Pods Manifest.lock */ = {
			isa = PBXShellScriptBuildPhase;
			buildActionMask = 2147483647;
			files = (
			);
			inputPaths = (
			);
			name = "[CP] Check Pods Manifest.lock";
			outputPaths = (
			);
			runOnlyForDeploymentPostprocessing = 0;
			shellPath = /bin/sh;
			shellScript = "diff \"${PODS_ROOT}/../Podfile.lock\" \"${PODS_ROOT}/Manifest.lock\" > /dev/null\nif [ $? != 0 ] ; then\n    # print error to STDERR\n    echo \"error: The sandbox is not in sync with the Podfile.lock. Run 'pod install' or update your CocoaPods installation.\" >&2\n    exit 1\nfi\n";
			showEnvVarsInLog = 0;
		};
		492F936753EA6833DFD028AA /* [CP] Copy Pods Resources */ = {
			isa = PBXShellScriptBuildPhase;
			buildActionMask = 2147483647;
			files = (
			);
			inputPaths = (
			);
			name = "[CP] Copy Pods Resources";
			outputPaths = (
			);
			runOnlyForDeploymentPostprocessing = 0;
			shellPath = /bin/sh;
			shellScript = "\"${SRCROOT}/Pods/Target Support Files/Pods-WalkrTests/Pods-WalkrTests-resources.sh\"\n";
			showEnvVarsInLog = 0;
		};
		74DD10E25C08B2AE477E9470 /* [CP] Check Pods Manifest.lock */ = {
			isa = PBXShellScriptBuildPhase;
			buildActionMask = 2147483647;
			files = (
			);
			inputPaths = (
			);
			name = "[CP] Check Pods Manifest.lock";
			outputPaths = (
			);
			runOnlyForDeploymentPostprocessing = 0;
			shellPath = /bin/sh;
			shellScript = "diff \"${PODS_ROOT}/../Podfile.lock\" \"${PODS_ROOT}/Manifest.lock\" > /dev/null\nif [ $? != 0 ] ; then\n    # print error to STDERR\n    echo \"error: The sandbox is not in sync with the Podfile.lock. Run 'pod install' or update your CocoaPods installation.\" >&2\n    exit 1\nfi\n";
			showEnvVarsInLog = 0;
		};
		ABB858A76659AA4F0203BAF3 /* [CP] Copy Pods Resources */ = {
			isa = PBXShellScriptBuildPhase;
			buildActionMask = 2147483647;
			files = (
			);
			inputPaths = (
			);
			name = "[CP] Copy Pods Resources";
			outputPaths = (
			);
			runOnlyForDeploymentPostprocessing = 0;
			shellPath = /bin/sh;
			shellScript = "\"${SRCROOT}/Pods/Target Support Files/Pods-Walkr/Pods-Walkr-resources.sh\"\n";
			showEnvVarsInLog = 0;
		};
		C62425C7B861A22E70394297 /* [CP] Embed Pods Frameworks */ = {
			isa = PBXShellScriptBuildPhase;
			buildActionMask = 2147483647;
			files = (
			);
			inputPaths = (
			);
			name = "[CP] Embed Pods Frameworks";
			outputPaths = (
			);
			runOnlyForDeploymentPostprocessing = 0;
			shellPath = /bin/sh;
			shellScript = "\"${SRCROOT}/Pods/Target Support Files/Pods-Walkr/Pods-Walkr-frameworks.sh\"\n";
			showEnvVarsInLog = 0;
		};
		F983C953F40632F729846068 /* [CP] Embed Pods Frameworks */ = {
			isa = PBXShellScriptBuildPhase;
			buildActionMask = 2147483647;
			files = (
			);
			inputPaths = (
			);
			name = "[CP] Embed Pods Frameworks";
			outputPaths = (
			);
			runOnlyForDeploymentPostprocessing = 0;
			shellPath = /bin/sh;
			shellScript = "\"${SRCROOT}/Pods/Target Support Files/Pods-WalkrTests/Pods-WalkrTests-frameworks.sh\"\n";
			showEnvVarsInLog = 0;
		};
/* End PBXShellScriptBuildPhase section */

/* Begin PBXSourcesBuildPhase section */
		218B8FE01E32EB13008EF091 /* Sources */ = {
			isa = PBXSourcesBuildPhase;
			buildActionMask = 2147483647;
			files = (
				21AE89291E3310C200A6A653 /* MapViewController.swift in Sources */,
				21272D131E34503500F89D5D /* SearchPlaceBar.swift in Sources */,
				218B900C1E32EB6C008EF091 /* Extensions.swift in Sources */,
				216398461E346AC100295472 /* RegisterUserCell.swift in Sources */,
				218B90111E32F529008EF091 /* MainContainerViewController.swift in Sources */,
				218B90151E32F5A4008EF091 /* SettingsSidePanelController.swift in Sources */,
				21272D111E342C5100F89D5D /* WalkrView.swift in Sources */,
				21272D021E33F6D600F89D5D /* MapViewController + Firebase.swift in Sources */,
				216398471E346AC100295472 /* RegisterPhotoCell.swift in Sources */,
				2163984D1E346ACB00295472 /* LogInController.swift in Sources */,
				2163984E1E346ACB00295472 /* LoginRegisterController.swift in Sources */,
				21272D0D1E340A3F00F89D5D /* PlaceTableViewCell.swift in Sources */,
				216398451E346AC100295472 /* RegisterUserNameCell.swift in Sources */,
				218B90131E32F55C008EF091 /* Delegates.swift in Sources */,
				21272CFE1E3339D000F89D5D /* MapViewController+handlers.swift in Sources */,
				216398481E346AC100295472 /* SuccessCell.swift in Sources */,
				218B900B1E32EB6C008EF091 /* Request.swift in Sources */,
				21272D0F1E342C1200F89D5D /* RequesterView.swift in Sources */,
				218B8FE81E32EB13008EF091 /* AppDelegate.swift in Sources */,
				2163984C1E346ACB00295472 /* RegisterController.swift in Sources */,
				218B90171E32F5D7008EF091 /* Enums.swift in Sources */,
				21272D0B1E3403F700F89D5D /* PendingView.swift in Sources */,
				218B900A1E32EB6C008EF091 /* User.swift in Sources */,
			);
			runOnlyForDeploymentPostprocessing = 0;
		};
		218B8FF41E32EB13008EF091 /* Sources */ = {
			isa = PBXSourcesBuildPhase;
			buildActionMask = 2147483647;
			files = (
				218B8FFD1E32EB13008EF091 /* WalkrTests.swift in Sources */,
			);
			runOnlyForDeploymentPostprocessing = 0;
		};
/* End PBXSourcesBuildPhase section */

/* Begin PBXTargetDependency section */
		218B8FFA1E32EB13008EF091 /* PBXTargetDependency */ = {
			isa = PBXTargetDependency;
			target = 218B8FE31E32EB13008EF091 /* Walkr */;
			targetProxy = 218B8FF91E32EB13008EF091 /* PBXContainerItemProxy */;
		};
/* End PBXTargetDependency section */

/* Begin PBXVariantGroup section */
		218B8FEB1E32EB13008EF091 /* Main.storyboard */ = {
			isa = PBXVariantGroup;
			children = (
				218B8FEC1E32EB13008EF091 /* Base */,
			);
			name = Main.storyboard;
			sourceTree = "<group>";
		};
		218B8FF01E32EB13008EF091 /* LaunchScreen.storyboard */ = {
			isa = PBXVariantGroup;
			children = (
				218B8FF11E32EB13008EF091 /* Base */,
			);
			name = LaunchScreen.storyboard;
			sourceTree = "<group>";
		};
/* End PBXVariantGroup section */

/* Begin XCBuildConfiguration section */
		218B8FFF1E32EB13008EF091 /* Debug */ = {
			isa = XCBuildConfiguration;
			buildSettings = {
				ALWAYS_SEARCH_USER_PATHS = NO;
				CLANG_ANALYZER_NONNULL = YES;
				CLANG_CXX_LANGUAGE_STANDARD = "gnu++0x";
				CLANG_CXX_LIBRARY = "libc++";
				CLANG_ENABLE_MODULES = YES;
				CLANG_ENABLE_OBJC_ARC = YES;
				CLANG_WARN_BOOL_CONVERSION = YES;
				CLANG_WARN_CONSTANT_CONVERSION = YES;
				CLANG_WARN_DIRECT_OBJC_ISA_USAGE = YES_ERROR;
				CLANG_WARN_DOCUMENTATION_COMMENTS = YES;
				CLANG_WARN_EMPTY_BODY = YES;
				CLANG_WARN_ENUM_CONVERSION = YES;
				CLANG_WARN_INFINITE_RECURSION = YES;
				CLANG_WARN_INT_CONVERSION = YES;
				CLANG_WARN_OBJC_ROOT_CLASS = YES_ERROR;
				CLANG_WARN_SUSPICIOUS_MOVE = YES;
				CLANG_WARN_UNREACHABLE_CODE = YES;
				CLANG_WARN__DUPLICATE_METHOD_MATCH = YES;
				"CODE_SIGN_IDENTITY[sdk=iphoneos*]" = "iPhone Developer";
				COPY_PHASE_STRIP = NO;
				DEBUG_INFORMATION_FORMAT = dwarf;
				ENABLE_STRICT_OBJC_MSGSEND = YES;
				ENABLE_TESTABILITY = YES;
				GCC_C_LANGUAGE_STANDARD = gnu99;
				GCC_DYNAMIC_NO_PIC = NO;
				GCC_NO_COMMON_BLOCKS = YES;
				GCC_OPTIMIZATION_LEVEL = 0;
				GCC_PREPROCESSOR_DEFINITIONS = (
					"DEBUG=1",
					"$(inherited)",
				);
				GCC_WARN_64_TO_32_BIT_CONVERSION = YES;
				GCC_WARN_ABOUT_RETURN_TYPE = YES_ERROR;
				GCC_WARN_UNDECLARED_SELECTOR = YES;
				GCC_WARN_UNINITIALIZED_AUTOS = YES_AGGRESSIVE;
				GCC_WARN_UNUSED_FUNCTION = YES;
				GCC_WARN_UNUSED_VARIABLE = YES;
				IPHONEOS_DEPLOYMENT_TARGET = 10.2;
				MTL_ENABLE_DEBUG_INFO = YES;
				ONLY_ACTIVE_ARCH = YES;
				SDKROOT = iphoneos;
				SWIFT_ACTIVE_COMPILATION_CONDITIONS = DEBUG;
				SWIFT_OPTIMIZATION_LEVEL = "-Onone";
			};
			name = Debug;
		};
		218B90001E32EB13008EF091 /* Release */ = {
			isa = XCBuildConfiguration;
			buildSettings = {
				ALWAYS_SEARCH_USER_PATHS = NO;
				CLANG_ANALYZER_NONNULL = YES;
				CLANG_CXX_LANGUAGE_STANDARD = "gnu++0x";
				CLANG_CXX_LIBRARY = "libc++";
				CLANG_ENABLE_MODULES = YES;
				CLANG_ENABLE_OBJC_ARC = YES;
				CLANG_WARN_BOOL_CONVERSION = YES;
				CLANG_WARN_CONSTANT_CONVERSION = YES;
				CLANG_WARN_DIRECT_OBJC_ISA_USAGE = YES_ERROR;
				CLANG_WARN_DOCUMENTATION_COMMENTS = YES;
				CLANG_WARN_EMPTY_BODY = YES;
				CLANG_WARN_ENUM_CONVERSION = YES;
				CLANG_WARN_INFINITE_RECURSION = YES;
				CLANG_WARN_INT_CONVERSION = YES;
				CLANG_WARN_OBJC_ROOT_CLASS = YES_ERROR;
				CLANG_WARN_SUSPICIOUS_MOVE = YES;
				CLANG_WARN_UNREACHABLE_CODE = YES;
				CLANG_WARN__DUPLICATE_METHOD_MATCH = YES;
				"CODE_SIGN_IDENTITY[sdk=iphoneos*]" = "iPhone Developer";
				COPY_PHASE_STRIP = NO;
				DEBUG_INFORMATION_FORMAT = "dwarf-with-dsym";
				ENABLE_NS_ASSERTIONS = NO;
				ENABLE_STRICT_OBJC_MSGSEND = YES;
				GCC_C_LANGUAGE_STANDARD = gnu99;
				GCC_NO_COMMON_BLOCKS = YES;
				GCC_WARN_64_TO_32_BIT_CONVERSION = YES;
				GCC_WARN_ABOUT_RETURN_TYPE = YES_ERROR;
				GCC_WARN_UNDECLARED_SELECTOR = YES;
				GCC_WARN_UNINITIALIZED_AUTOS = YES_AGGRESSIVE;
				GCC_WARN_UNUSED_FUNCTION = YES;
				GCC_WARN_UNUSED_VARIABLE = YES;
				IPHONEOS_DEPLOYMENT_TARGET = 10.2;
				MTL_ENABLE_DEBUG_INFO = NO;
				SDKROOT = iphoneos;
				SWIFT_OPTIMIZATION_LEVEL = "-Owholemodule";
				VALIDATE_PRODUCT = YES;
			};
			name = Release;
		};
		218B90021E32EB13008EF091 /* Debug */ = {
			isa = XCBuildConfiguration;
			baseConfigurationReference = CEE884E0C91E7EA9BC383045 /* Pods-Walkr.debug.xcconfig */;
			buildSettings = {
				ASSETCATALOG_COMPILER_APPICON_NAME = AppIcon;
				DEVELOPMENT_TEAM = GZC25U6WG3;
				INFOPLIST_FILE = Walkr/Info.plist;
				IPHONEOS_DEPLOYMENT_TARGET = 10.0;
				LD_RUNPATH_SEARCH_PATHS = "$(inherited) @executable_path/Frameworks";
				PRODUCT_BUNDLE_IDENTIFIER = com.domanapps.Walkr;
				PRODUCT_NAME = "$(TARGET_NAME)";
				SWIFT_VERSION = 3.0;
			};
			name = Debug;
		};
		218B90031E32EB13008EF091 /* Release */ = {
			isa = XCBuildConfiguration;
			baseConfigurationReference = 9DD6DAE47EB9BE856A7551D4 /* Pods-Walkr.release.xcconfig */;
			buildSettings = {
				ASSETCATALOG_COMPILER_APPICON_NAME = AppIcon;
				DEVELOPMENT_TEAM = GZC25U6WG3;
				INFOPLIST_FILE = Walkr/Info.plist;
				IPHONEOS_DEPLOYMENT_TARGET = 10.0;
				LD_RUNPATH_SEARCH_PATHS = "$(inherited) @executable_path/Frameworks";
				PRODUCT_BUNDLE_IDENTIFIER = com.domanapps.Walkr;
				PRODUCT_NAME = "$(TARGET_NAME)";
				SWIFT_VERSION = 3.0;
			};
			name = Release;
		};
		218B90051E32EB13008EF091 /* Debug */ = {
			isa = XCBuildConfiguration;
			baseConfigurationReference = 6A07C3DEE1065AD053832740 /* Pods-WalkrTests.debug.xcconfig */;
			buildSettings = {
				ALWAYS_EMBED_SWIFT_STANDARD_LIBRARIES = YES;
				BUNDLE_LOADER = "$(TEST_HOST)";
				DEVELOPMENT_TEAM = GZC25U6WG3;
				INFOPLIST_FILE = WalkrTests/Info.plist;
				LD_RUNPATH_SEARCH_PATHS = "$(inherited) @executable_path/Frameworks @loader_path/Frameworks";
				PRODUCT_BUNDLE_IDENTIFIER = com.domanapps.WalkrTests;
				PRODUCT_NAME = "$(TARGET_NAME)";
				SWIFT_VERSION = 3.0;
				TEST_HOST = "$(BUILT_PRODUCTS_DIR)/Walkr.app/Walkr";
			};
			name = Debug;
		};
		218B90061E32EB13008EF091 /* Release */ = {
			isa = XCBuildConfiguration;
			baseConfigurationReference = 16BFEB762D26059C8EF41DFC /* Pods-WalkrTests.release.xcconfig */;
			buildSettings = {
				ALWAYS_EMBED_SWIFT_STANDARD_LIBRARIES = YES;
				BUNDLE_LOADER = "$(TEST_HOST)";
				DEVELOPMENT_TEAM = GZC25U6WG3;
				INFOPLIST_FILE = WalkrTests/Info.plist;
				LD_RUNPATH_SEARCH_PATHS = "$(inherited) @executable_path/Frameworks @loader_path/Frameworks";
				PRODUCT_BUNDLE_IDENTIFIER = com.domanapps.WalkrTests;
				PRODUCT_NAME = "$(TARGET_NAME)";
				SWIFT_VERSION = 3.0;
				TEST_HOST = "$(BUILT_PRODUCTS_DIR)/Walkr.app/Walkr";
			};
			name = Release;
		};
/* End XCBuildConfiguration section */

/* Begin XCConfigurationList section */
		218B8FDF1E32EB13008EF091 /* Build configuration list for PBXProject "Walkr" */ = {
			isa = XCConfigurationList;
			buildConfigurations = (
				218B8FFF1E32EB13008EF091 /* Debug */,
				218B90001E32EB13008EF091 /* Release */,
			);
			defaultConfigurationIsVisible = 0;
			defaultConfigurationName = Release;
		};
		218B90011E32EB13008EF091 /* Build configuration list for PBXNativeTarget "Walkr" */ = {
			isa = XCConfigurationList;
			buildConfigurations = (
				218B90021E32EB13008EF091 /* Debug */,
				218B90031E32EB13008EF091 /* Release */,
			);
			defaultConfigurationIsVisible = 0;
			defaultConfigurationName = Release;
		};
		218B90041E32EB13008EF091 /* Build configuration list for PBXNativeTarget "WalkrTests" */ = {
			isa = XCConfigurationList;
			buildConfigurations = (
				218B90051E32EB13008EF091 /* Debug */,
				218B90061E32EB13008EF091 /* Release */,
			);
			defaultConfigurationIsVisible = 0;
			defaultConfigurationName = Release;
		};
/* End XCConfigurationList section */
	};
	rootObject = 218B8FDC1E32EB13008EF091 /* Project object */;
}
